
Microsoft Visual Studio Solution File, Format Version 12.00
# Visual Studio Version 16
VisualStudioVersion = 16.0.809.2
MinimumVisualStudioVersion = 10.0.40219.1
Project("{FAE04EC0-301F-11D3-BF4B-00C04F79EFBC}") = "VariableExercise_5.1", "VariableExercise_5.1\VariableExercise_5.1.csproj", "{F68A5015-E095-46FE-B988-9B8F2575156B}"
EndProject
Global
	GlobalSection(SolutionConfigurationPlatforms) = preSolution
		Debug|Any CPU = Debug|Any CPU
		Release|Any CPU = Release|Any CPU
	EndGlobalSection
	GlobalSection(ProjectConfigurationPlatforms) = postSolution
		{F68A5015-E095-46FE-B988-9B8F2575156B}.Debug|Any CPU.ActiveCfg = Debug|Any CPU
		{F68A5015-E095-46FE-B988-9B8F2575156B}.Debug|Any CPU.Build.0 = Debug|Any CPU
		{F68A5015-E095-46FE-B988-9B8F2575156B}.Release|Any CPU.ActiveCfg = Release|Any CPU
		{F68A5015-E095-46FE-B988-9B8F2575156B}.Release|Any CPU.Build.0 = Release|Any CPU
	EndGlobalSection
	GlobalSection(SolutionProperties) = preSolution
		HideSolutionNode = FALSE
	EndGlobalSection
	GlobalSection(ExtensibilityGlobals) = postSolution
		SolutionGuid = {2DBF25E7-A057-485E-912E-D105A514F94D}
	EndGlobalSection
EndGlobal
